
Microsoft Visual Studio Solution File, Format Version 12.00
# Visual Studio Version 17
VisualStudioVersion = 17.0.31611.283
MinimumVisualStudioVersion = 10.0.40219.1
Project("{9A19103F-16F7-4668-BE54-9A1E7A4F7556}") = "AoC2023MauiApp", "AoC2023MauiApp\AoC2023MauiApp.csproj", "{263578FA-9C4A-4AD5-A5C1-2C6CE4B3DC56}"
EndProject
Project("{FAE04EC0-301F-11D3-BF4B-00C04F79EFBC}") = "AoC2023ClassLib", "AoC2023ClassLib\AoC2023ClassLib.csproj", "{3418A5C7-BAEF-447A-BA59-C9F36A653066}"
EndProject
Project("{FAE04EC0-301F-11D3-BF4B-00C04F79EFBC}") = "AoC2023Tests", "AoC2023Tests\AoC2023Tests.csproj", "{6590AA25-0AB3-47EF-8AB8-488E271753EA}"
EndProject
Global
	GlobalSection(SolutionConfigurationPlatforms) = preSolution
		Debug|Any CPU = Debug|Any CPU
		Release|Any CPU = Release|Any CPU
	EndGlobalSection
	GlobalSection(ProjectConfigurationPlatforms) = postSolution
		{263578FA-9C4A-4AD5-A5C1-2C6CE4B3DC56}.Debug|Any CPU.ActiveCfg = Debug|Any CPU
		{263578FA-9C4A-4AD5-A5C1-2C6CE4B3DC56}.Debug|Any CPU.Build.0 = Debug|Any CPU
		{263578FA-9C4A-4AD5-A5C1-2C6CE4B3DC56}.Debug|Any CPU.Deploy.0 = Debug|Any CPU
		{263578FA-9C4A-4AD5-A5C1-2C6CE4B3DC56}.Release|Any CPU.ActiveCfg = Release|Any CPU
		{263578FA-9C4A-4AD5-A5C1-2C6CE4B3DC56}.Release|Any CPU.Build.0 = Release|Any CPU
		{263578FA-9C4A-4AD5-A5C1-2C6CE4B3DC56}.Release|Any CPU.Deploy.0 = Release|Any CPU
		{3418A5C7-BAEF-447A-BA59-C9F36A653066}.Debug|Any CPU.ActiveCfg = Debug|Any CPU
		{3418A5C7-BAEF-447A-BA59-C9F36A653066}.Debug|Any CPU.Build.0 = Debug|Any CPU
		{3418A5C7-BAEF-447A-BA59-C9F36A653066}.Release|Any CPU.ActiveCfg = Release|Any CPU
		{3418A5C7-BAEF-447A-BA59-C9F36A653066}.Release|Any CPU.Build.0 = Release|Any CPU
		{6590AA25-0AB3-47EF-8AB8-488E271753EA}.Debug|Any CPU.ActiveCfg = Debug|Any CPU
		{6590AA25-0AB3-47EF-8AB8-488E271753EA}.Debug|Any CPU.Build.0 = Debug|Any CPU
		{6590AA25-0AB3-47EF-8AB8-488E271753EA}.Release|Any CPU.ActiveCfg = Release|Any CPU
		{6590AA25-0AB3-47EF-8AB8-488E271753EA}.Release|Any CPU.Build.0 = Release|Any CPU
	EndGlobalSection
	GlobalSection(SolutionProperties) = preSolution
		HideSolutionNode = FALSE
	EndGlobalSection
	GlobalSection(ExtensibilityGlobals) = postSolution
		SolutionGuid = {61F7FB11-1E47-470C-91E2-47F8143E1572}
	EndGlobalSection
EndGlobal
